<?xml version="1.0" encoding="UTF-8"?>
<!DOCTYPE plist PUBLIC "-//Apple//DTD PLIST 1.0//EN" "http://www.apple.com/DTDs/PropertyList-1.0.dtd">
<plist version="1.0">
<dict>
	<key>archiveVersion</key>
	<string>1</string>
	<key>classes</key>
	<dict/>
	<key>objectVersion</key>
	<string>46</string>
	<key>objects</key>
	<dict>
		<key>0813F27B856A03AD6EA5B612</key>
		<dict>
			<key>includeInIndex</key>
			<string>1</string>
			<key>isa</key>
			<string>PBXFileReference</string>
			<key>lastKnownFileType</key>
			<string>text.xcconfig</string>
			<key>name</key>
			<string>Pods.release.xcconfig</string>
			<key>path</key>
			<string>Pods/Target Support Files/Pods/Pods.release.xcconfig</string>
			<key>sourceTree</key>
			<string>&lt;group&gt;</string>
		</dict>
		<key>0FB0DED741004D9E949F3D6D</key>
		<dict>
			<key>buildActionMask</key>
			<string>2147483647</string>
			<key>files</key>
			<array/>
			<key>inputPaths</key>
			<array/>
			<key>isa</key>
			<string>PBXShellScriptBuildPhase</string>
			<key>name</key>
			<string>Copy Pods Resources</string>
			<key>outputPaths</key>
			<array/>
			<key>runOnlyForDeploymentPostprocessing</key>
			<string>0</string>
			<key>shellPath</key>
			<string>/bin/sh</string>
			<key>shellScript</key>
			<string>"${SRCROOT}/Pods/Target Support Files/Pods/Pods-resources.sh"
</string>
			<key>showEnvVarsInLog</key>
			<string>0</string>
		</dict>
		<key>1408F964CD6E87920B52F06B</key>
		<dict>
			<key>includeInIndex</key>
			<string>1</string>
			<key>isa</key>
			<string>PBXFileReference</string>
			<key>lastKnownFileType</key>
			<string>text.xcconfig</string>
			<key>name</key>
			<string>Pods.debug.xcconfig</string>
			<key>path</key>
			<string>Pods/Target Support Files/Pods/Pods.debug.xcconfig</string>
			<key>sourceTree</key>
			<string>&lt;group&gt;</string>
		</dict>
		<key>6F51B2681A1C37C942DF8B34</key>
		<dict>
			<key>children</key>
			<array>
				<string>C5507631DE7117E474052B26</string>
			</array>
			<key>isa</key>
			<string>PBXGroup</string>
			<key>name</key>
			<string>Frameworks</string>
			<key>sourceTree</key>
			<string>&lt;group&gt;</string>
		</dict>
		<key>77348F59538AB846D63DBD2F</key>
		<dict>
			<key>children</key>
			<array>
				<string>1408F964CD6E87920B52F06B</string>
				<string>0813F27B856A03AD6EA5B612</string>
			</array>
			<key>isa</key>
			<string>PBXGroup</string>
			<key>name</key>
			<string>Pods</string>
			<key>sourceTree</key>
			<string>&lt;group&gt;</string>
		</dict>
		<key>801EFF3E1AA1C4D800AAC0D8</key>
		<dict>
			<key>fileEncoding</key>
			<string>4</string>
			<key>isa</key>
			<string>PBXFileReference</string>
			<key>lastKnownFileType</key>
			<string>file.storyboard</string>
			<key>path</key>
			<string>Main.storyboard</string>
			<key>sourceTree</key>
			<string>&lt;group&gt;</string>
		</dict>
		<key>801EFF3F1AA1C4D800AAC0D8</key>
		<dict>
			<key>fileRef</key>
			<string>801EFF3E1AA1C4D800AAC0D8</string>
			<key>isa</key>
			<string>PBXBuildFile</string>
		</dict>
		<key>801FCB511AA1E08C0037F072</key>
		<dict>
			<key>fileEncoding</key>
			<string>4</string>
			<key>isa</key>
			<string>PBXFileReference</string>
			<key>lastKnownFileType</key>
			<string>sourcecode.c.h</string>
			<key>path</key>
			<string>MenuListViewController.h</string>
			<key>sourceTree</key>
			<string>&lt;group&gt;</string>
		</dict>
		<key>801FCB521AA1E08C0037F072</key>
		<dict>
			<key>fileEncoding</key>
			<string>4</string>
			<key>isa</key>
			<string>PBXFileReference</string>
			<key>lastKnownFileType</key>
			<string>sourcecode.c.objc</string>
			<key>path</key>
			<string>MenuListViewController.m</string>
			<key>sourceTree</key>
			<string>&lt;group&gt;</string>
		</dict>
		<key>801FCB531AA1E08C0037F072</key>
		<dict>
			<key>fileRef</key>
			<string>801FCB521AA1E08C0037F072</string>
			<key>isa</key>
			<string>PBXBuildFile</string>
		</dict>
		<key>801FCB541AA1EFBD0037F072</key>
		<dict>
			<key>fileEncoding</key>
			<string>4</string>
			<key>isa</key>
			<string>PBXFileReference</string>
			<key>lastKnownFileType</key>
			<string>sourcecode.c.h</string>
			<key>path</key>
			<string>OrderViewController.h</string>
			<key>sourceTree</key>
			<string>&lt;group&gt;</string>
		</dict>
		<key>801FCB551AA1EFBD0037F072</key>
		<dict>
			<key>fileEncoding</key>
			<string>4</string>
			<key>isa</key>
			<string>PBXFileReference</string>
			<key>lastKnownFileType</key>
			<string>sourcecode.c.objc</string>
			<key>path</key>
			<string>OrderViewController.m</string>
			<key>sourceTree</key>
			<string>&lt;group&gt;</string>
		</dict>
		<key>801FCB561AA1EFBD0037F072</key>
		<dict>
			<key>fileRef</key>
			<string>801FCB551AA1EFBD0037F072</string>
			<key>isa</key>
			<string>PBXBuildFile</string>
		</dict>
		<key>801FCB571AA1FF3E0037F072</key>
		<dict>
			<key>fileEncoding</key>
			<string>4</string>
			<key>isa</key>
			<string>PBXFileReference</string>
			<key>lastKnownFileType</key>
			<string>sourcecode.c.h</string>
			<key>path</key>
			<string>MenuTableViewCell.h</string>
			<key>sourceTree</key>
			<string>&lt;group&gt;</string>
		</dict>
		<key>801FCB581AA1FF3E0037F072</key>
		<dict>
			<key>fileEncoding</key>
			<string>4</string>
			<key>isa</key>
			<string>PBXFileReference</string>
			<key>lastKnownFileType</key>
			<string>sourcecode.c.objc</string>
			<key>path</key>
			<string>MenuTableViewCell.m</string>
			<key>sourceTree</key>
			<string>&lt;group&gt;</string>
		</dict>
		<key>801FCB591AA1FF3E0037F072</key>
		<dict>
			<key>fileRef</key>
			<string>801FCB581AA1FF3E0037F072</string>
			<key>isa</key>
			<string>PBXBuildFile</string>
		</dict>
		<key>801FCB5A1AA24A220037F072</key>
		<dict>
			<key>fileEncoding</key>
			<string>4</string>
			<key>isa</key>
			<string>PBXFileReference</string>
			<key>lastKnownFileType</key>
			<string>sourcecode.c.h</string>
			<key>path</key>
			<string>FNSRequest.h</string>
			<key>sourceTree</key>
			<string>&lt;group&gt;</string>
		</dict>
		<key>801FCB5B1AA24A220037F072</key>
		<dict>
			<key>fileEncoding</key>
			<string>4</string>
			<key>isa</key>
			<string>PBXFileReference</string>
			<key>lastKnownFileType</key>
			<string>sourcecode.c.objc</string>
			<key>path</key>
			<string>FNSRequest.m</string>
			<key>sourceTree</key>
			<string>&lt;group&gt;</string>
		</dict>
		<key>801FCB5C1AA24A220037F072</key>
		<dict>
			<key>fileRef</key>
			<string>801FCB5B1AA24A220037F072</string>
			<key>isa</key>
			<string>PBXBuildFile</string>
		</dict>
		<key>80E03F871AA1AF1300972EE4</key>
		<dict>
			<key>fileEncoding</key>
			<string>4</string>
			<key>isa</key>
			<string>PBXFileReference</string>
			<key>lastKnownFileType</key>
			<string>sourcecode.c.h</string>
			<key>path</key>
			<string>FoodDetailViewController.h</string>
			<key>sourceTree</key>
			<string>&lt;group&gt;</string>
		</dict>
		<key>80E03F881AA1AF1300972EE4</key>
		<dict>
			<key>fileEncoding</key>
			<string>4</string>
			<key>isa</key>
			<string>PBXFileReference</string>
			<key>lastKnownFileType</key>
			<string>sourcecode.c.objc</string>
			<key>path</key>
			<string>FoodDetailViewController.m</string>
			<key>sourceTree</key>
			<string>&lt;group&gt;</string>
		</dict>
		<key>80E03F891AA1AF1300972EE4</key>
		<dict>
			<key>fileRef</key>
			<string>80E03F881AA1AF1300972EE4</string>
			<key>isa</key>
			<string>PBXBuildFile</string>
		</dict>
		<key>80E5E1AC1AA187B400DE5E62</key>
		<dict>
			<key>children</key>
			<array>
				<string>80E5E1B71AA187B400DE5E62</string>
				<string>80E5E1D41AA187B500DE5E62</string>
				<string>80E5E1B61AA187B400DE5E62</string>
				<string>77348F59538AB846D63DBD2F</string>
				<string>6F51B2681A1C37C942DF8B34</string>
			</array>
			<key>isa</key>
			<string>PBXGroup</string>
			<key>sourceTree</key>
			<string>&lt;group&gt;</string>
		</dict>
		<key>80E5E1AD1AA187B400DE5E62</key>
		<dict>
			<key>attributes</key>
			<dict>
				<key>LastUpgradeCheck</key>
				<string>0610</string>
				<key>ORGANIZATIONNAME</key>
				<string>Akshay Budhkar</string>
				<key>TargetAttributes</key>
				<dict>
					<key>80E5E1B41AA187B400DE5E62</key>
					<dict>
						<key>CreatedOnToolsVersion</key>
						<string>6.1.1</string>
						<key>DevelopmentTeam</key>
						<string>FPL26UZQT2</string>
					</dict>
					<key>80E5E1D01AA187B500DE5E62</key>
					<dict>
						<key>CreatedOnToolsVersion</key>
						<string>6.1.1</string>
						<key>TestTargetID</key>
						<string>80E5E1B41AA187B400DE5E62</string>
					</dict>
				</dict>
			</dict>
			<key>buildConfigurationList</key>
			<string>80E5E1B01AA187B400DE5E62</string>
			<key>compatibilityVersion</key>
			<string>Xcode 3.2</string>
			<key>developmentRegion</key>
			<string>English</string>
			<key>hasScannedForEncodings</key>
			<string>0</string>
			<key>isa</key>
			<string>PBXProject</string>
			<key>knownRegions</key>
			<array>
				<string>en</string>
				<string>Base</string>
			</array>
			<key>mainGroup</key>
			<string>80E5E1AC1AA187B400DE5E62</string>
			<key>productRefGroup</key>
			<string>80E5E1B61AA187B400DE5E62</string>
			<key>projectDirPath</key>
			<string></string>
			<key>projectReferences</key>
			<array/>
			<key>projectRoot</key>
			<string></string>
			<key>targets</key>
			<array>
				<string>80E5E1B41AA187B400DE5E62</string>
				<string>80E5E1D01AA187B500DE5E62</string>
			</array>
		</dict>
		<key>80E5E1B01AA187B400DE5E62</key>
		<dict>
			<key>buildConfigurations</key>
			<array>
				<string>80E5E1D91AA187B500DE5E62</string>
				<string>80E5E1DA1AA187B500DE5E62</string>
			</array>
			<key>defaultConfigurationIsVisible</key>
			<string>0</string>
			<key>defaultConfigurationName</key>
			<string>Release</string>
			<key>isa</key>
			<string>XCConfigurationList</string>
		</dict>
		<key>80E5E1B11AA187B400DE5E62</key>
		<dict>
			<key>buildActionMask</key>
			<string>2147483647</string>
			<key>files</key>
			<array>
				<string>80E03F891AA1AF1300972EE4</string>
				<string>80E5E1BE1AA187B400DE5E62</string>
				<string>80E5E1BB1AA187B400DE5E62</string>
				<string>801FCB531AA1E08C0037F072</string>
				<string>801FCB561AA1EFBD0037F072</string>
				<string>801FCB5C1AA24A220037F072</string>
				<string>80E5E1C41AA187B500DE5E62</string>
				<string>801FCB591AA1FF3E0037F072</string>
				<string>80E5E1C11AA187B400DE5E62</string>
			</array>
			<key>isa</key>
			<string>PBXSourcesBuildPhase</string>
			<key>runOnlyForDeploymentPostprocessing</key>
			<string>0</string>
		</dict>
		<key>80E5E1B21AA187B400DE5E62</key>
		<dict>
			<key>buildActionMask</key>
			<string>2147483647</string>
			<key>files</key>
			<array>
				<string>C4B99FD0A2CE489C2A1F18D8</string>
			</array>
			<key>isa</key>
			<string>PBXFrameworksBuildPhase</string>
			<key>runOnlyForDeploymentPostprocessing</key>
			<string>0</string>
		</dict>
		<key>80E5E1B31AA187B400DE5E62</key>
		<dict>
			<key>buildActionMask</key>
			<string>2147483647</string>
			<key>files</key>
			<array>
				<string>801EFF3F1AA1C4D800AAC0D8</string>
				<string>80E5E1CC1AA187B500DE5E62</string>
				<string>80E5E1C91AA187B500DE5E62</string>
			</array>
			<key>isa</key>
			<string>PBXResourcesBuildPhase</string>
			<key>runOnlyForDeploymentPostprocessing</key>
			<string>0</string>
		</dict>
		<key>80E5E1B41AA187B400DE5E62</key>
		<dict>
			<key>buildConfigurationList</key>
			<string>80E5E1DB1AA187B500DE5E62</string>
			<key>buildPhases</key>
			<array>
				<string>B9E4AF0EF4FAF02D1FE4D699</string>
				<string>80E5E1B11AA187B400DE5E62</string>
				<string>80E5E1B21AA187B400DE5E62</string>
				<string>80E5E1B31AA187B400DE5E62</string>
				<string>0FB0DED741004D9E949F3D6D</string>
			</array>
			<key>buildRules</key>
			<array/>
			<key>dependencies</key>
			<array/>
			<key>isa</key>
			<string>PBXNativeTarget</string>
			<key>name</key>
			<string>Forks and Spoon</string>
			<key>productName</key>
			<string>Forks and Spoon</string>
			<key>productReference</key>
			<string>80E5E1B51AA187B400DE5E62</string>
			<key>productType</key>
			<string>com.apple.product-type.application</string>
		</dict>
		<key>80E5E1B51AA187B400DE5E62</key>
		<dict>
			<key>explicitFileType</key>
			<string>wrapper.application</string>
			<key>includeInIndex</key>
			<string>0</string>
			<key>isa</key>
			<string>PBXFileReference</string>
			<key>path</key>
			<string>Forks and Spoon.app</string>
			<key>sourceTree</key>
			<string>BUILT_PRODUCTS_DIR</string>
		</dict>
		<key>80E5E1B61AA187B400DE5E62</key>
		<dict>
			<key>children</key>
			<array>
				<string>80E5E1B51AA187B400DE5E62</string>
				<string>80E5E1D11AA187B500DE5E62</string>
			</array>
			<key>isa</key>
			<string>PBXGroup</string>
			<key>name</key>
			<string>Products</string>
			<key>sourceTree</key>
			<string>&lt;group&gt;</string>
		</dict>
		<key>80E5E1B71AA187B400DE5E62</key>
		<dict>
			<key>children</key>
			<array>
				<string>80E5E1BC1AA187B400DE5E62</string>
				<string>80E5E1BD1AA187B400DE5E62</string>
				<string>80E5E1C21AA187B400DE5E62</string>
				<string>80E5E1C31AA187B500DE5E62</string>
				<string>801EFF3E1AA1C4D800AAC0D8</string>
				<string>80E5E1C81AA187B500DE5E62</string>
				<string>80E5E1CA1AA187B500DE5E62</string>
				<string>80E5E1BF1AA187B400DE5E62</string>
				<string>80E5E1B81AA187B400DE5E62</string>
				<string>80E03F871AA1AF1300972EE4</string>
				<string>80E03F881AA1AF1300972EE4</string>
				<string>801FCB511AA1E08C0037F072</string>
				<string>801FCB521AA1E08C0037F072</string>
				<string>801FCB541AA1EFBD0037F072</string>
				<string>801FCB551AA1EFBD0037F072</string>
				<string>801FCB571AA1FF3E0037F072</string>
				<string>801FCB581AA1FF3E0037F072</string>
				<string>801FCB5A1AA24A220037F072</string>
				<string>801FCB5B1AA24A220037F072</string>
			</array>
			<key>isa</key>
			<string>PBXGroup</string>
			<key>path</key>
			<string>Forks and Spoon</string>
			<key>sourceTree</key>
			<string>&lt;group&gt;</string>
		</dict>
		<key>80E5E1B81AA187B400DE5E62</key>
		<dict>
			<key>children</key>
			<array>
				<string>80E5E1B91AA187B400DE5E62</string>
				<string>80E5E1BA1AA187B400DE5E62</string>
			</array>
			<key>isa</key>
			<string>PBXGroup</string>
			<key>name</key>
			<string>Supporting Files</string>
			<key>sourceTree</key>
			<string>&lt;group&gt;</string>
		</dict>
		<key>80E5E1B91AA187B400DE5E62</key>
		<dict>
			<key>isa</key>
			<string>PBXFileReference</string>
			<key>lastKnownFileType</key>
			<string>text.plist.xml</string>
			<key>path</key>
			<string>Info.plist</string>
			<key>sourceTree</key>
			<string>&lt;group&gt;</string>
		</dict>
		<key>80E5E1BA1AA187B400DE5E62</key>
		<dict>
			<key>isa</key>
			<string>PBXFileReference</string>
			<key>lastKnownFileType</key>
			<string>sourcecode.c.objc</string>
			<key>path</key>
			<string>main.m</string>
			<key>sourceTree</key>
			<string>&lt;group&gt;</string>
		</dict>
		<key>80E5E1BB1AA187B400DE5E62</key>
		<dict>
			<key>fileRef</key>
			<string>80E5E1BA1AA187B400DE5E62</string>
			<key>isa</key>
			<string>PBXBuildFile</string>
		</dict>
		<key>80E5E1BC1AA187B400DE5E62</key>
		<dict>
			<key>isa</key>
			<string>PBXFileReference</string>
			<key>lastKnownFileType</key>
			<string>sourcecode.c.h</string>
			<key>path</key>
			<string>AppDelegate.h</string>
			<key>sourceTree</key>
			<string>&lt;group&gt;</string>
		</dict>
		<key>80E5E1BD1AA187B400DE5E62</key>
		<dict>
			<key>isa</key>
			<string>PBXFileReference</string>
			<key>lastKnownFileType</key>
			<string>sourcecode.c.objc</string>
			<key>path</key>
			<string>AppDelegate.m</string>
			<key>sourceTree</key>
			<string>&lt;group&gt;</string>
		</dict>
		<key>80E5E1BE1AA187B400DE5E62</key>
		<dict>
			<key>fileRef</key>
			<string>80E5E1BD1AA187B400DE5E62</string>
			<key>isa</key>
			<string>PBXBuildFile</string>
		</dict>
		<key>80E5E1BF1AA187B400DE5E62</key>
		<dict>
			<key>children</key>
			<array>
				<string>80E5E1C01AA187B400DE5E62</string>
			</array>
			<key>currentVersion</key>
			<string>80E5E1C01AA187B400DE5E62</string>
			<key>isa</key>
			<string>XCVersionGroup</string>
			<key>path</key>
			<string>Forks_and_Spoon.xcdatamodeld</string>
			<key>sourceTree</key>
			<string>&lt;group&gt;</string>
			<key>versionGroupType</key>
			<string>wrapper.xcdatamodel</string>
		</dict>
		<key>80E5E1C01AA187B400DE5E62</key>
		<dict>
			<key>isa</key>
			<string>PBXFileReference</string>
			<key>lastKnownFileType</key>
			<string>wrapper.xcdatamodel</string>
			<key>path</key>
			<string>Forks_and_Spoon.xcdatamodel</string>
			<key>sourceTree</key>
			<string>&lt;group&gt;</string>
		</dict>
		<key>80E5E1C11AA187B400DE5E62</key>
		<dict>
			<key>fileRef</key>
			<string>80E5E1BF1AA187B400DE5E62</string>
			<key>isa</key>
			<string>PBXBuildFile</string>
		</dict>
		<key>80E5E1C21AA187B400DE5E62</key>
		<dict>
			<key>isa</key>
			<string>PBXFileReference</string>
			<key>lastKnownFileType</key>
			<string>sourcecode.c.h</string>
			<key>path</key>
			<string>ViewController.h</string>
			<key>sourceTree</key>
			<string>&lt;group&gt;</string>
		</dict>
		<key>80E5E1C31AA187B500DE5E62</key>
		<dict>
			<key>isa</key>
			<string>PBXFileReference</string>
			<key>lastKnownFileType</key>
			<string>sourcecode.c.objc</string>
			<key>path</key>
			<string>ViewController.m</string>
			<key>sourceTree</key>
			<string>&lt;group&gt;</string>
		</dict>
		<key>80E5E1C41AA187B500DE5E62</key>
		<dict>
			<key>fileRef</key>
			<string>80E5E1C31AA187B500DE5E62</string>
			<key>isa</key>
			<string>PBXBuildFile</string>
		</dict>
		<key>80E5E1C81AA187B500DE5E62</key>
		<dict>
			<key>isa</key>
			<string>PBXFileReference</string>
			<key>lastKnownFileType</key>
			<string>folder.assetcatalog</string>
			<key>path</key>
			<string>Images.xcassets</string>
			<key>sourceTree</key>
			<string>&lt;group&gt;</string>
		</dict>
		<key>80E5E1C91AA187B500DE5E62</key>
		<dict>
			<key>fileRef</key>
			<string>80E5E1C81AA187B500DE5E62</string>
			<key>isa</key>
			<string>PBXBuildFile</string>
		</dict>
		<key>80E5E1CA1AA187B500DE5E62</key>
		<dict>
			<key>children</key>
			<array>
				<string>80E5E1CB1AA187B500DE5E62</string>
			</array>
			<key>isa</key>
			<string>PBXVariantGroup</string>
			<key>name</key>
			<string>LaunchScreen.xib</string>
			<key>sourceTree</key>
			<string>&lt;group&gt;</string>
		</dict>
		<key>80E5E1CB1AA187B500DE5E62</key>
		<dict>
			<key>isa</key>
			<string>PBXFileReference</string>
			<key>lastKnownFileType</key>
			<string>file.xib</string>
			<key>name</key>
			<string>Base</string>
			<key>path</key>
			<string>Base.lproj/LaunchScreen.xib</string>
			<key>sourceTree</key>
			<string>&lt;group&gt;</string>
		</dict>
		<key>80E5E1CC1AA187B500DE5E62</key>
		<dict>
			<key>fileRef</key>
			<string>80E5E1CA1AA187B500DE5E62</string>
			<key>isa</key>
			<string>PBXBuildFile</string>
		</dict>
		<key>80E5E1CD1AA187B500DE5E62</key>
		<dict>
			<key>buildActionMask</key>
			<string>2147483647</string>
			<key>files</key>
			<array>
				<string>80E5E1D81AA187B500DE5E62</string>
			</array>
			<key>isa</key>
			<string>PBXSourcesBuildPhase</string>
			<key>runOnlyForDeploymentPostprocessing</key>
			<string>0</string>
		</dict>
		<key>80E5E1CE1AA187B500DE5E62</key>
		<dict>
			<key>buildActionMask</key>
			<string>2147483647</string>
			<key>files</key>
			<array/>
			<key>isa</key>
			<string>PBXFrameworksBuildPhase</string>
			<key>runOnlyForDeploymentPostprocessing</key>
			<string>0</string>
		</dict>
		<key>80E5E1CF1AA187B500DE5E62</key>
		<dict>
			<key>buildActionMask</key>
			<string>2147483647</string>
			<key>files</key>
			<array/>
			<key>isa</key>
			<string>PBXResourcesBuildPhase</string>
			<key>runOnlyForDeploymentPostprocessing</key>
			<string>0</string>
		</dict>
		<key>80E5E1D01AA187B500DE5E62</key>
		<dict>
			<key>buildConfigurationList</key>
			<string>80E5E1DE1AA187B500DE5E62</string>
			<key>buildPhases</key>
			<array>
				<string>80E5E1CD1AA187B500DE5E62</string>
				<string>80E5E1CE1AA187B500DE5E62</string>
				<string>80E5E1CF1AA187B500DE5E62</string>
			</array>
			<key>buildRules</key>
			<array/>
			<key>dependencies</key>
			<array>
				<string>80E5E1D31AA187B500DE5E62</string>
			</array>
			<key>isa</key>
			<string>PBXNativeTarget</string>
			<key>name</key>
			<string>Forks and SpoonTests</string>
			<key>productName</key>
			<string>Forks and SpoonTests</string>
			<key>productReference</key>
			<string>80E5E1D11AA187B500DE5E62</string>
			<key>productType</key>
			<string>com.apple.product-type.bundle.unit-test</string>
		</dict>
		<key>80E5E1D11AA187B500DE5E62</key>
		<dict>
			<key>explicitFileType</key>
			<string>wrapper.cfbundle</string>
			<key>includeInIndex</key>
			<string>0</string>
			<key>isa</key>
			<string>PBXFileReference</string>
			<key>path</key>
			<string>Forks and SpoonTests.xctest</string>
			<key>sourceTree</key>
			<string>BUILT_PRODUCTS_DIR</string>
		</dict>
		<key>80E5E1D21AA187B500DE5E62</key>
		<dict>
			<key>containerPortal</key>
			<string>80E5E1AD1AA187B400DE5E62</string>
			<key>isa</key>
			<string>PBXContainerItemProxy</string>
			<key>proxyType</key>
			<string>1</string>
			<key>remoteGlobalIDString</key>
			<string>80E5E1B41AA187B400DE5E62</string>
			<key>remoteInfo</key>
			<string>Forks and Spoon</string>
		</dict>
		<key>80E5E1D31AA187B500DE5E62</key>
		<dict>
			<key>isa</key>
			<string>PBXTargetDependency</string>
			<key>target</key>
			<string>80E5E1B41AA187B400DE5E62</string>
			<key>targetProxy</key>
			<string>80E5E1D21AA187B500DE5E62</string>
		</dict>
		<key>80E5E1D41AA187B500DE5E62</key>
		<dict>
			<key>children</key>
			<array>
				<string>80E5E1D71AA187B500DE5E62</string>
				<string>80E5E1D51AA187B500DE5E62</string>
			</array>
			<key>isa</key>
			<string>PBXGroup</string>
			<key>path</key>
			<string>Forks and SpoonTests</string>
			<key>sourceTree</key>
			<string>&lt;group&gt;</string>
		</dict>
		<key>80E5E1D51AA187B500DE5E62</key>
		<dict>
			<key>children</key>
			<array>
				<string>80E5E1D61AA187B500DE5E62</string>
			</array>
			<key>isa</key>
			<string>PBXGroup</string>
			<key>name</key>
			<string>Supporting Files</string>
			<key>sourceTree</key>
			<string>&lt;group&gt;</string>
		</dict>
		<key>80E5E1D61AA187B500DE5E62</key>
		<dict>
			<key>isa</key>
			<string>PBXFileReference</string>
			<key>lastKnownFileType</key>
			<string>text.plist.xml</string>
			<key>path</key>
			<string>Info.plist</string>
			<key>sourceTree</key>
			<string>&lt;group&gt;</string>
		</dict>
		<key>80E5E1D71AA187B500DE5E62</key>
		<dict>
			<key>isa</key>
			<string>PBXFileReference</string>
			<key>lastKnownFileType</key>
			<string>sourcecode.c.objc</string>
			<key>path</key>
			<string>Forks_and_SpoonTests.m</string>
			<key>sourceTree</key>
			<string>&lt;group&gt;</string>
		</dict>
		<key>80E5E1D81AA187B500DE5E62</key>
		<dict>
			<key>fileRef</key>
			<string>80E5E1D71AA187B500DE5E62</string>
			<key>isa</key>
			<string>PBXBuildFile</string>
		</dict>
		<key>80E5E1D91AA187B500DE5E62</key>
		<dict>
			<key>buildSettings</key>
			<dict>
				<key>ALWAYS_SEARCH_USER_PATHS</key>
				<string>NO</string>
				<key>CLANG_CXX_LANGUAGE_STANDARD</key>
				<string>gnu++0x</string>
				<key>CLANG_CXX_LIBRARY</key>
				<string>libc++</string>
				<key>CLANG_ENABLE_MODULES</key>
				<string>YES</string>
				<key>CLANG_ENABLE_OBJC_ARC</key>
				<string>YES</string>
				<key>CLANG_WARN_BOOL_CONVERSION</key>
				<string>YES</string>
				<key>CLANG_WARN_CONSTANT_CONVERSION</key>
				<string>YES</string>
				<key>CLANG_WARN_DIRECT_OBJC_ISA_USAGE</key>
				<string>YES_ERROR</string>
				<key>CLANG_WARN_EMPTY_BODY</key>
				<string>YES</string>
				<key>CLANG_WARN_ENUM_CONVERSION</key>
				<string>YES</string>
				<key>CLANG_WARN_INT_CONVERSION</key>
				<string>YES</string>
				<key>CLANG_WARN_OBJC_ROOT_CLASS</key>
				<string>YES_ERROR</string>
				<key>CLANG_WARN_UNREACHABLE_CODE</key>
				<string>YES</string>
				<key>CLANG_WARN__DUPLICATE_METHOD_MATCH</key>
				<string>YES</string>
				<key>CODE_SIGN_IDENTITY[sdk=iphoneos*]</key>
				<string>iPhone Developer</string>
				<key>COPY_PHASE_STRIP</key>
				<string>NO</string>
				<key>ENABLE_STRICT_OBJC_MSGSEND</key>
				<string>YES</string>
				<key>GCC_C_LANGUAGE_STANDARD</key>
				<string>gnu99</string>
				<key>GCC_DYNAMIC_NO_PIC</key>
				<string>NO</string>
				<key>GCC_OPTIMIZATION_LEVEL</key>
				<string>0</string>
				<key>GCC_PREPROCESSOR_DEFINITIONS</key>
				<array>
					<string>DEBUG=1</string>
					<string>$(inherited)</string>
				</array>
				<key>GCC_SYMBOLS_PRIVATE_EXTERN</key>
				<string>NO</string>
				<key>GCC_WARN_64_TO_32_BIT_CONVERSION</key>
				<string>YES</string>
				<key>GCC_WARN_ABOUT_RETURN_TYPE</key>
				<string>YES_ERROR</string>
				<key>GCC_WARN_UNDECLARED_SELECTOR</key>
				<string>YES</string>
				<key>GCC_WARN_UNINITIALIZED_AUTOS</key>
				<string>YES_AGGRESSIVE</string>
				<key>GCC_WARN_UNUSED_FUNCTION</key>
				<string>YES</string>
				<key>GCC_WARN_UNUSED_VARIABLE</key>
				<string>YES</string>
				<key>IPHONEOS_DEPLOYMENT_TARGET</key>
				<string>8.1</string>
				<key>MTL_ENABLE_DEBUG_INFO</key>
				<string>YES</string>
				<key>ONLY_ACTIVE_ARCH</key>
				<string>YES</string>
				<key>SDKROOT</key>
				<string>iphoneos</string>
			</dict>
			<key>isa</key>
			<string>XCBuildConfiguration</string>
			<key>name</key>
			<string>Debug</string>
		</dict>
		<key>80E5E1DA1AA187B500DE5E62</key>
		<dict>
			<key>buildSettings</key>
			<dict>
				<key>ALWAYS_SEARCH_USER_PATHS</key>
				<string>NO</string>
				<key>CLANG_CXX_LANGUAGE_STANDARD</key>
				<string>gnu++0x</string>
				<key>CLANG_CXX_LIBRARY</key>
				<string>libc++</string>
				<key>CLANG_ENABLE_MODULES</key>
				<string>YES</string>
				<key>CLANG_ENABLE_OBJC_ARC</key>
				<string>YES</string>
				<key>CLANG_WARN_BOOL_CONVERSION</key>
				<string>YES</string>
				<key>CLANG_WARN_CONSTANT_CONVERSION</key>
				<string>YES</string>
				<key>CLANG_WARN_DIRECT_OBJC_ISA_USAGE</key>
				<string>YES_ERROR</string>
				<key>CLANG_WARN_EMPTY_BODY</key>
				<string>YES</string>
				<key>CLANG_WARN_ENUM_CONVERSION</key>
				<string>YES</string>
				<key>CLANG_WARN_INT_CONVERSION</key>
				<string>YES</string>
				<key>CLANG_WARN_OBJC_ROOT_CLASS</key>
				<string>YES_ERROR</string>
				<key>CLANG_WARN_UNREACHABLE_CODE</key>
				<string>YES</string>
				<key>CLANG_WARN__DUPLICATE_METHOD_MATCH</key>
				<string>YES</string>
				<key>CODE_SIGN_IDENTITY[sdk=iphoneos*]</key>
				<string>iPhone Developer</string>
				<key>COPY_PHASE_STRIP</key>
				<string>YES</string>
				<key>ENABLE_NS_ASSERTIONS</key>
				<string>NO</string>
				<key>ENABLE_STRICT_OBJC_MSGSEND</key>
				<string>YES</string>
				<key>GCC_C_LANGUAGE_STANDARD</key>
				<string>gnu99</string>
				<key>GCC_WARN_64_TO_32_BIT_CONVERSION</key>
				<string>YES</string>
				<key>GCC_WARN_ABOUT_RETURN_TYPE</key>
				<string>YES_ERROR</string>
				<key>GCC_WARN_UNDECLARED_SELECTOR</key>
				<string>YES</string>
				<key>GCC_WARN_UNINITIALIZED_AUTOS</key>
				<string>YES_AGGRESSIVE</string>
				<key>GCC_WARN_UNUSED_FUNCTION</key>
				<string>YES</string>
				<key>GCC_WARN_UNUSED_VARIABLE</key>
				<string>YES</string>
				<key>IPHONEOS_DEPLOYMENT_TARGET</key>
				<string>8.1</string>
				<key>MTL_ENABLE_DEBUG_INFO</key>
				<string>NO</string>
				<key>SDKROOT</key>
				<string>iphoneos</string>
				<key>VALIDATE_PRODUCT</key>
				<string>YES</string>
			</dict>
			<key>isa</key>
			<string>XCBuildConfiguration</string>
			<key>name</key>
			<string>Release</string>
		</dict>
		<key>80E5E1DB1AA187B500DE5E62</key>
		<dict>
			<key>buildConfigurations</key>
			<array>
				<string>80E5E1DC1AA187B500DE5E62</string>
				<string>80E5E1DD1AA187B500DE5E62</string>
			</array>
			<key>defaultConfigurationIsVisible</key>
			<string>0</string>
			<key>defaultConfigurationName</key>
			<string>Release</string>
			<key>isa</key>
			<string>XCConfigurationList</string>
		</dict>
		<key>80E5E1DC1AA187B500DE5E62</key>
		<dict>
			<key>baseConfigurationReference</key>
			<string>1408F964CD6E87920B52F06B</string>
			<key>buildSettings</key>
			<dict>
				<key>ASSETCATALOG_COMPILER_APPICON_NAME</key>
				<string>AppIcon</string>
				<key>INFOPLIST_FILE</key>
				<string>Forks and Spoon/Info.plist</string>
				<key>LD_RUNPATH_SEARCH_PATHS</key>
				<string>$(inherited) @executable_path/Frameworks</string>
				<key>PRODUCT_NAME</key>
				<string>$(TARGET_NAME)</string>
			</dict>
			<key>isa</key>
			<string>XCBuildConfiguration</string>
			<key>name</key>
			<string>Debug</string>
		</dict>
		<key>80E5E1DD1AA187B500DE5E62</key>
		<dict>
			<key>baseConfigurationReference</key>
			<string>0813F27B856A03AD6EA5B612</string>
			<key>buildSettings</key>
			<dict>
				<key>ASSETCATALOG_COMPILER_APPICON_NAME</key>
				<string>AppIcon</string>
				<key>INFOPLIST_FILE</key>
				<string>Forks and Spoon/Info.plist</string>
				<key>LD_RUNPATH_SEARCH_PATHS</key>
				<string>$(inherited) @executable_path/Frameworks</string>
				<key>PRODUCT_NAME</key>
				<string>$(TARGET_NAME)</string>
			</dict>
			<key>isa</key>
			<string>XCBuildConfiguration</string>
			<key>name</key>
			<string>Release</string>
		</dict>
		<key>80E5E1DE1AA187B500DE5E62</key>
		<dict>
			<key>buildConfigurations</key>
			<array>
				<string>80E5E1DF1AA187B500DE5E62</string>
				<string>80E5E1E01AA187B500DE5E62</string>
			</array>
			<key>defaultConfigurationIsVisible</key>
			<string>0</string>
			<key>defaultConfigurationName</key>
			<string>Release</string>
			<key>isa</key>
			<string>XCConfigurationList</string>
		</dict>
		<key>80E5E1DF1AA187B500DE5E62</key>
		<dict>
			<key>buildSettings</key>
			<dict>
				<key>BUNDLE_LOADER</key>
				<string>$(TEST_HOST)</string>
				<key>FRAMEWORK_SEARCH_PATHS</key>
				<array>
					<string>$(SDKROOT)/Developer/Library/Frameworks</string>
					<string>$(inherited)</string>
				</array>
				<key>GCC_PREPROCESSOR_DEFINITIONS</key>
				<array>
					<string>DEBUG=1</string>
					<string>$(inherited)</string>
				</array>
				<key>INFOPLIST_FILE</key>
				<string>Forks and SpoonTests/Info.plist</string>
				<key>LD_RUNPATH_SEARCH_PATHS</key>
				<string>$(inherited) @executable_path/Frameworks @loader_path/Frameworks</string>
				<key>PRODUCT_NAME</key>
				<string>$(TARGET_NAME)</string>
				<key>TEST_HOST</key>
				<string>$(BUILT_PRODUCTS_DIR)/Forks and Spoon.app/Forks and Spoon</string>
			</dict>
			<key>isa</key>
			<string>XCBuildConfiguration</string>
			<key>name</key>
			<string>Debug</string>
		</dict>
		<key>80E5E1E01AA187B500DE5E62</key>
		<dict>
			<key>buildSettings</key>
			<dict>
				<key>BUNDLE_LOADER</key>
				<string>$(TEST_HOST)</string>
				<key>FRAMEWORK_SEARCH_PATHS</key>
				<array>
					<string>$(SDKROOT)/Developer/Library/Frameworks</string>
					<string>$(inherited)</string>
				</array>
				<key>INFOPLIST_FILE</key>
				<string>Forks and SpoonTests/Info.plist</string>
				<key>LD_RUNPATH_SEARCH_PATHS</key>
				<string>$(inherited) @executable_path/Frameworks @loader_path/Frameworks</string>
				<key>PRODUCT_NAME</key>
				<string>$(TARGET_NAME)</string>
				<key>TEST_HOST</key>
				<string>$(BUILT_PRODUCTS_DIR)/Forks and Spoon.app/Forks and Spoon</string>
			</dict>
			<key>isa</key>
			<string>XCBuildConfiguration</string>
			<key>name</key>
			<string>Release</string>
		</dict>
		<key>B9E4AF0EF4FAF02D1FE4D699</key>
		<dict>
			<key>buildActionMask</key>
			<string>2147483647</string>
			<key>files</key>
			<array/>
			<key>inputPaths</key>
			<array/>
			<key>isa</key>
			<string>PBXShellScriptBuildPhase</string>
			<key>name</key>
			<string>Check Pods Manifest.lock</string>
			<key>outputPaths</key>
			<array/>
			<key>runOnlyForDeploymentPostprocessing</key>
			<string>0</string>
			<key>shellPath</key>
			<string>/bin/sh</string>
			<key>shellScript</key>
			<string>diff "${PODS_ROOT}/../Podfile.lock" "${PODS_ROOT}/Manifest.lock" &gt; /dev/null
if [[ $? != 0 ]] ; then
    cat &lt;&lt; EOM
error: The sandbox is not in sync with the Podfile.lock. Run 'pod install' or update your CocoaPods installation.
EOM
    exit 1
fi
</string>
			<key>showEnvVarsInLog</key>
			<string>0</string>
		</dict>
		<key>C4B99FD0A2CE489C2A1F18D8</key>
		<dict>
			<key>fileRef</key>
			<string>C5507631DE7117E474052B26</string>
			<key>isa</key>
			<string>PBXBuildFile</string>
		</dict>
		<key>C5507631DE7117E474052B26</key>
		<dict>
			<key>explicitFileType</key>
			<string>archive.ar</string>
			<key>includeInIndex</key>
			<string>0</string>
			<key>isa</key>
			<string>PBXFileReference</string>
			<key>path</key>
			<string>libPods.a</string>
			<key>sourceTree</key>
			<string>BUILT_PRODUCTS_DIR</string>
		</dict>
	</dict>
	<key>rootObject</key>
	<string>80E5E1AD1AA187B400DE5E62</string>
</dict>
</plist>
